// !$*UTF8*$!
{
	archiveVersion = 1;
	classes = {
	};
	objectVersion = 55;
	objects = {

/* Begin PBXBuildFile section */
		1104807E28994F4600A0512B /* CustomDate.swift in Sources */ = {isa = PBXBuildFile; fileRef = 1104807D28994F4600A0512B /* CustomDate.swift */; };
		110C26B228D36FD900C5DC2A /* AddEventButtonAsTableViewCell.swift in Sources */ = {isa = PBXBuildFile; fileRef = 110C26B128D36FD900C5DC2A /* AddEventButtonAsTableViewCell.swift */; };
		1121AEA32906A13100B05769 /* CongratulationViewController.swift in Sources */ = {isa = PBXBuildFile; fileRef = 1121AEA22906A13100B05769 /* CongratulationViewController.swift */; };
		114710AB28CB79070091C821 /* SexAndStatusTableViewCell.swift in Sources */ = {isa = PBXBuildFile; fileRef = 114710AA28CB79070091C821 /* SexAndStatusTableViewCell.swift */; };
		114A906428F8B64B002E8B39 /* TextViewTableViewCell.swift in Sources */ = {isa = PBXBuildFile; fileRef = 114A906328F8B64B002E8B39 /* TextViewTableViewCell.swift */; };
		114D264A28780ED600F44967 /* AppDelegate.swift in Sources */ = {isa = PBXBuildFile; fileRef = 114D264928780ED600F44967 /* AppDelegate.swift */; };
		114D264C28780ED600F44967 /* SceneDelegate.swift in Sources */ = {isa = PBXBuildFile; fileRef = 114D264B28780ED600F44967 /* SceneDelegate.swift */; };
		114D265128780ED600F44967 /* Main.storyboard in Resources */ = {isa = PBXBuildFile; fileRef = 114D264F28780ED600F44967 /* Main.storyboard */; };
		114D265328780ED800F44967 /* Assets.xcassets in Resources */ = {isa = PBXBuildFile; fileRef = 114D265228780ED800F44967 /* Assets.xcassets */; };
		114D265628780ED800F44967 /* LaunchScreen.storyboard in Resources */ = {isa = PBXBuildFile; fileRef = 114D265428780ED800F44967 /* LaunchScreen.storyboard */; };
		114D265E287810A000F44967 /* StartTableViewController.swift in Sources */ = {isa = PBXBuildFile; fileRef = 114D265D287810A000F44967 /* StartTableViewController.swift */; };
		114D2660287811F800F44967 /* StartControllerCustomCell.swift in Sources */ = {isa = PBXBuildFile; fileRef = 114D265F287811F800F44967 /* StartControllerCustomCell.swift */; };
		114D26622878132600F44967 /* Event.swift in Sources */ = {isa = PBXBuildFile; fileRef = 114D26612878132600F44967 /* Event.swift */; };
		114D26652878160A00F44967 /* EventStorage.swift in Sources */ = {isa = PBXBuildFile; fileRef = 114D26642878160A00F44967 /* EventStorage.swift */; };
		11538CAF28CF8F5000B69B2D /* TextFieldTableViewCell.swift in Sources */ = {isa = PBXBuildFile; fileRef = 11538CAE28CF8F5000B69B2D /* TextFieldTableViewCell.swift */; };
		11538CB128CF8FB300B69B2D /* LastNameTextFieldTableViewCell.swift in Sources */ = {isa = PBXBuildFile; fileRef = 11538CB028CF8FB300B69B2D /* LastNameTextFieldTableViewCell.swift */; };
		11538CB328CF8FE200B69B2D /* DateTextFiedTableViewCell.swift in Sources */ = {isa = PBXBuildFile; fileRef = 11538CB228CF8FE200B69B2D /* DateTextFiedTableViewCell.swift */; };
		11538CB528CF900E00B69B2D /* PhoneNumberTextFieldTableViewCell.swift in Sources */ = {isa = PBXBuildFile; fileRef = 11538CB428CF900E00B69B2D /* PhoneNumberTextFieldTableViewCell.swift */; };
		11547FC328941C06001BBBCB /* ChangeEventHolderStatusTableViewController.swift in Sources */ = {isa = PBXBuildFile; fileRef = 11547FC228941C06001BBBCB /* ChangeEventHolderStatusTableViewController.swift */; };
		1191FEC828D8D3F200656B2B /* DetailedEventViewController.swift in Sources */ = {isa = PBXBuildFile; fileRef = 1191FEC728D8D3F200656B2B /* DetailedEventViewController.swift */; };
		1191FEEE28DAFBE400656B2B /* OneEventSomeHolderTableViewCell_xib.swift in Sources */ = {isa = PBXBuildFile; fileRef = 1191FEEC28DAFBE400656B2B /* OneEventSomeHolderTableViewCell_xib.swift */; };
		1191FEEF28DAFBE400656B2B /* OneEventSomeHolderTableViewCell_xib.xib in Resources */ = {isa = PBXBuildFile; fileRef = 1191FEED28DAFBE400656B2B /* OneEventSomeHolderTableViewCell_xib.xib */; };
		11BF060E294F2736006B6CC0 /* Extensions.swift in Sources */ = {isa = PBXBuildFile; fileRef = 11BF060D294F2736006B6CC0 /* Extensions.swift */; };
		11C2A2E528D62E0F003515F1 /* AddEventHolderViewController.swift in Sources */ = {isa = PBXBuildFile; fileRef = 11C2A2E428D62E0F003515F1 /* AddEventHolderViewController.swift */; };
		11D2AB2428C0ABC5002F3748 /* OneEventSomeHolderTableViewCell.swift in Sources */ = {isa = PBXBuildFile; fileRef = 11D2AB2328C0ABC5002F3748 /* OneEventSomeHolderTableViewCell.swift */; };
		11D5C499292A8C600073DB91 /* ContactsSynchronizeViewController.swift in Sources */ = {isa = PBXBuildFile; fileRef = 11D5C498292A8C600073DB91 /* ContactsSynchronizeViewController.swift */; };
		11E640C1288171270018DBD1 /* EventHolder.swift in Sources */ = {isa = PBXBuildFile; fileRef = 11E640C0288171270018DBD1 /* EventHolder.swift */; };
		11F3A6952896A63000EABCE0 /* ChangeEventHolderSexTableViewController.swift in Sources */ = {isa = PBXBuildFile; fileRef = 11F3A6942896A63000EABCE0 /* ChangeEventHolderSexTableViewController.swift */; };
		11F88EA428BB847C000E1E59 /* AddEventViewController.swift in Sources */ = {isa = PBXBuildFile; fileRef = 11F88EA328BB847C000E1E59 /* AddEventViewController.swift */; };
		11F88EA828BB964C000E1E59 /* SelectEventTypeTableViewController.swift in Sources */ = {isa = PBXBuildFile; fileRef = 11F88EA728BB964C000E1E59 /* SelectEventTypeTableViewController.swift */; };
/* End PBXBuildFile section */

/* Begin PBXFileReference section */
		1104807D28994F4600A0512B /* CustomDate.swift */ = {isa = PBXFileReference; lastKnownFileType = sourcecode.swift; path = CustomDate.swift; sourceTree = "<group>"; };
		110C26B128D36FD900C5DC2A /* AddEventButtonAsTableViewCell.swift */ = {isa = PBXFileReference; lastKnownFileType = sourcecode.swift; path = AddEventButtonAsTableViewCell.swift; sourceTree = "<group>"; };
		1121AEA22906A13100B05769 /* CongratulationViewController.swift */ = {isa = PBXFileReference; lastKnownFileType = sourcecode.swift; name = CongratulationViewController.swift; path = MyTableApp/Controllers/CongratulationViewController/CongratulationViewController.swift; sourceTree = SOURCE_ROOT; };
		114710AA28CB79070091C821 /* SexAndStatusTableViewCell.swift */ = {isa = PBXFileReference; lastKnownFileType = sourcecode.swift; path = SexAndStatusTableViewCell.swift; sourceTree = "<group>"; };
		114A906328F8B64B002E8B39 /* TextViewTableViewCell.swift */ = {isa = PBXFileReference; lastKnownFileType = sourcecode.swift; path = TextViewTableViewCell.swift; sourceTree = "<group>"; };
		114D264628780ED600F44967 /* MyTableApp.app */ = {isa = PBXFileReference; explicitFileType = wrapper.application; includeInIndex = 0; path = MyTableApp.app; sourceTree = BUILT_PRODUCTS_DIR; };
		114D264928780ED600F44967 /* AppDelegate.swift */ = {isa = PBXFileReference; lastKnownFileType = sourcecode.swift; path = AppDelegate.swift; sourceTree = "<group>"; };
		114D264B28780ED600F44967 /* SceneDelegate.swift */ = {isa = PBXFileReference; lastKnownFileType = sourcecode.swift; path = SceneDelegate.swift; sourceTree = "<group>"; };
		114D265028780ED600F44967 /* Base */ = {isa = PBXFileReference; lastKnownFileType = file.storyboard; name = Base; path = Base.lproj/Main.storyboard; sourceTree = "<group>"; };
		114D265228780ED800F44967 /* Assets.xcassets */ = {isa = PBXFileReference; lastKnownFileType = folder.assetcatalog; path = Assets.xcassets; sourceTree = "<group>"; };
		114D265528780ED800F44967 /* Base */ = {isa = PBXFileReference; lastKnownFileType = file.storyboard; name = Base; path = Base.lproj/LaunchScreen.storyboard; sourceTree = "<group>"; };
		114D265728780ED800F44967 /* Info.plist */ = {isa = PBXFileReference; lastKnownFileType = text.plist.xml; path = Info.plist; sourceTree = "<group>"; };
		114D265D287810A000F44967 /* StartTableViewController.swift */ = {isa = PBXFileReference; lastKnownFileType = sourcecode.swift; path = StartTableViewController.swift; sourceTree = "<group>"; };
		114D265F287811F800F44967 /* StartControllerCustomCell.swift */ = {isa = PBXFileReference; lastKnownFileType = sourcecode.swift; path = StartControllerCustomCell.swift; sourceTree = "<group>"; };
		114D26612878132600F44967 /* Event.swift */ = {isa = PBXFileReference; lastKnownFileType = sourcecode.swift; path = Event.swift; sourceTree = "<group>"; };
		114D26642878160A00F44967 /* EventStorage.swift */ = {isa = PBXFileReference; lastKnownFileType = sourcecode.swift; path = EventStorage.swift; sourceTree = "<group>"; };
		11538CAE28CF8F5000B69B2D /* TextFieldTableViewCell.swift */ = {isa = PBXFileReference; lastKnownFileType = sourcecode.swift; path = TextFieldTableViewCell.swift; sourceTree = "<group>"; };
		11538CB028CF8FB300B69B2D /* LastNameTextFieldTableViewCell.swift */ = {isa = PBXFileReference; lastKnownFileType = sourcecode.swift; path = LastNameTextFieldTableViewCell.swift; sourceTree = "<group>"; };
		11538CB228CF8FE200B69B2D /* DateTextFiedTableViewCell.swift */ = {isa = PBXFileReference; lastKnownFileType = sourcecode.swift; path = DateTextFiedTableViewCell.swift; sourceTree = "<group>"; };
		11538CB428CF900E00B69B2D /* PhoneNumberTextFieldTableViewCell.swift */ = {isa = PBXFileReference; lastKnownFileType = sourcecode.swift; path = PhoneNumberTextFieldTableViewCell.swift; sourceTree = "<group>"; };
		11547FC228941C06001BBBCB /* ChangeEventHolderStatusTableViewController.swift */ = {isa = PBXFileReference; lastKnownFileType = sourcecode.swift; path = ChangeEventHolderStatusTableViewController.swift; sourceTree = "<group>"; };
		1169C98729573981000AAD8A /* MyTableApp.entitlements */ = {isa = PBXFileReference; lastKnownFileType = text.plist.entitlements; path = MyTableApp.entitlements; sourceTree = "<group>"; };
		1191FEC728D8D3F200656B2B /* DetailedEventViewController.swift */ = {isa = PBXFileReference; lastKnownFileType = sourcecode.swift; path = DetailedEventViewController.swift; sourceTree = "<group>"; };
		1191FEEC28DAFBE400656B2B /* OneEventSomeHolderTableViewCell_xib.swift */ = {isa = PBXFileReference; lastKnownFileType = sourcecode.swift; path = OneEventSomeHolderTableViewCell_xib.swift; sourceTree = "<group>"; };
		1191FEED28DAFBE400656B2B /* OneEventSomeHolderTableViewCell_xib.xib */ = {isa = PBXFileReference; lastKnownFileType = file.xib; path = OneEventSomeHolderTableViewCell_xib.xib; sourceTree = "<group>"; };
		11BF060D294F2736006B6CC0 /* Extensions.swift */ = {isa = PBXFileReference; lastKnownFileType = sourcecode.swift; path = Extensions.swift; sourceTree = "<group>"; };
		11C2A2E428D62E0F003515F1 /* AddEventHolderViewController.swift */ = {isa = PBXFileReference; fileEncoding = 4; lastKnownFileType = sourcecode.swift; name = AddEventHolderViewController.swift; path = MyTableApp/AddEventHolderViewController.swift; sourceTree = SOURCE_ROOT; };
		11D2AB2328C0ABC5002F3748 /* OneEventSomeHolderTableViewCell.swift */ = {isa = PBXFileReference; lastKnownFileType = sourcecode.swift; path = OneEventSomeHolderTableViewCell.swift; sourceTree = "<group>"; };
		11D5C498292A8C600073DB91 /* ContactsSynchronizeViewController.swift */ = {isa = PBXFileReference; lastKnownFileType = sourcecode.swift; path = ContactsSynchronizeViewController.swift; sourceTree = "<group>"; };
		11E640C0288171270018DBD1 /* EventHolder.swift */ = {isa = PBXFileReference; lastKnownFileType = sourcecode.swift; path = EventHolder.swift; sourceTree = SOURCE_ROOT; };
		11F3A6942896A63000EABCE0 /* ChangeEventHolderSexTableViewController.swift */ = {isa = PBXFileReference; lastKnownFileType = sourcecode.swift; path = ChangeEventHolderSexTableViewController.swift; sourceTree = "<group>"; };
		11F88EA328BB847C000E1E59 /* AddEventViewController.swift */ = {isa = PBXFileReference; lastKnownFileType = sourcecode.swift; path = AddEventViewController.swift; sourceTree = "<group>"; };
		11F88EA728BB964C000E1E59 /* SelectEventTypeTableViewController.swift */ = {isa = PBXFileReference; lastKnownFileType = sourcecode.swift; path = SelectEventTypeTableViewController.swift; sourceTree = "<group>"; };
/* End PBXFileReference section */

/* Begin PBXFrameworksBuildPhase section */
		114D264328780ED600F44967 /* Frameworks */ = {
			isa = PBXFrameworksBuildPhase;
			buildActionMask = 2147483647;
			files = (
			);
			runOnlyForDeploymentPostprocessing = 0;
		};
/* End PBXFrameworksBuildPhase section */

/* Begin PBXGroup section */
		114D263D28780ED600F44967 = {
			isa = PBXGroup;
			children = (
				114D264828780ED600F44967 /* MyTableApp */,
				114D264728780ED600F44967 /* Products */,
			);
			sourceTree = "<group>";
		};
		114D264728780ED600F44967 /* Products */ = {
			isa = PBXGroup;
			children = (
				114D264628780ED600F44967 /* MyTableApp.app */,
			);
			name = Products;
			sourceTree = "<group>";
		};
		114D264828780ED600F44967 /* MyTableApp */ = {
			isa = PBXGroup;
			children = (
				1169C98729573981000AAD8A /* MyTableApp.entitlements */,
				114D264928780ED600F44967 /* AppDelegate.swift */,
				114D264B28780ED600F44967 /* SceneDelegate.swift */,
				114D26632878132C00F44967 /* Model */,
				11E640CC2886AA020018DBD1 /* Controllers */,
				1191FEF128DAFE0A00656B2B /* OneEventSomeHolderTableViewCell_xib */,
				114D264F28780ED600F44967 /* Main.storyboard */,
				114D265228780ED800F44967 /* Assets.xcassets */,
				114D265428780ED800F44967 /* LaunchScreen.storyboard */,
				114D265728780ED800F44967 /* Info.plist */,
				11BF060C294F26C9006B6CC0 /* Extensions */,
			);
			path = MyTableApp;
			sourceTree = "<group>";
		};
		114D26632878132C00F44967 /* Model */ = {
			isa = PBXGroup;
			children = (
				114D26612878132600F44967 /* Event.swift */,
				1104807D28994F4600A0512B /* CustomDate.swift */,
				11E640C0288171270018DBD1 /* EventHolder.swift */,
				114D26642878160A00F44967 /* EventStorage.swift */,
			);
			path = Model;
			sourceTree = "<group>";
		};
		1182AF42293FC31700688586 /* ChangeEventHolderSexTableViewController */ = {
			isa = PBXGroup;
			children = (
				11F3A6942896A63000EABCE0 /* ChangeEventHolderSexTableViewController.swift */,
			);
			path = ChangeEventHolderSexTableViewController;
			sourceTree = "<group>";
		};
		1191FEE928DA383200656B2B /* DetailedEventViewController */ = {
			isa = PBXGroup;
			children = (
				1191FEC728D8D3F200656B2B /* DetailedEventViewController.swift */,
				114A906328F8B64B002E8B39 /* TextViewTableViewCell.swift */,
			);
			path = DetailedEventViewController;
			sourceTree = "<group>";
		};
		1191FEF128DAFE0A00656B2B /* OneEventSomeHolderTableViewCell_xib */ = {
			isa = PBXGroup;
			children = (
				11D2AB2328C0ABC5002F3748 /* OneEventSomeHolderTableViewCell.swift */,
				1191FEEC28DAFBE400656B2B /* OneEventSomeHolderTableViewCell_xib.swift */,
				1191FEED28DAFBE400656B2B /* OneEventSomeHolderTableViewCell_xib.xib */,
			);
			path = OneEventSomeHolderTableViewCell_xib;
			sourceTree = "<group>";
		};
		1191FEF228DB15D500656B2B /* ChangeEventHolderStatusTableViewController */ = {
			isa = PBXGroup;
			children = (
				11547FC228941C06001BBBCB /* ChangeEventHolderStatusTableViewController.swift */,
			);
			path = ChangeEventHolderStatusTableViewController;
			sourceTree = "<group>";
		};
		11A8858829649A7C00535E68 /* Cells */ = {
			isa = PBXGroup;
			children = (
				11538CAE28CF8F5000B69B2D /* TextFieldTableViewCell.swift */,
				11538CB028CF8FB300B69B2D /* LastNameTextFieldTableViewCell.swift */,
				11538CB228CF8FE200B69B2D /* DateTextFiedTableViewCell.swift */,
				11538CB428CF900E00B69B2D /* PhoneNumberTextFieldTableViewCell.swift */,
				114710AA28CB79070091C821 /* SexAndStatusTableViewCell.swift */,
				110C26B128D36FD900C5DC2A /* AddEventButtonAsTableViewCell.swift */,
			);
			path = Cells;
			sourceTree = "<group>";
		};
		11BF060C294F26C9006B6CC0 /* Extensions */ = {
			isa = PBXGroup;
			children = (
				11BF060D294F2736006B6CC0 /* Extensions.swift */,
			);
			path = Extensions;
			sourceTree = "<group>";
		};
		11BF060F294F2823006B6CC0 /* ContactsSynchronizeController */ = {
			isa = PBXGroup;
			children = (
				11D5C498292A8C600073DB91 /* ContactsSynchronizeViewController.swift */,
			);
			path = ContactsSynchronizeController;
			sourceTree = "<group>";
		};
		11D5C45E292688A20073DB91 /* CongratulationViewController */ = {
			isa = PBXGroup;
			children = (
				1121AEA22906A13100B05769 /* CongratulationViewController.swift */,
			);
			path = CongratulationViewController;
			sourceTree = "<group>";
		};
		11E640C22885B5400018DBD1 /* StartController */ = {
			isa = PBXGroup;
			children = (
				114D265D287810A000F44967 /* StartTableViewController.swift */,
				114D265F287811F800F44967 /* StartControllerCustomCell.swift */,
			);
			path = StartController;
			sourceTree = "<group>";
		};
		11E640C32885B5790018DBD1 /* AddEventHolderController */ = {
			isa = PBXGroup;
			children = (
				11C2A2E428D62E0F003515F1 /* AddEventHolderViewController.swift */,
				11A8858829649A7C00535E68 /* Cells */,
				1182AF42293FC31700688586 /* ChangeEventHolderSexTableViewController */,
				1191FEF228DB15D500656B2B /* ChangeEventHolderStatusTableViewController */,
			);
			path = AddEventHolderController;
			sourceTree = "<group>";
		};
		11E640CC2886AA020018DBD1 /* Controllers */ = {
			isa = PBXGroup;
			children = (
				11BF060F294F2823006B6CC0 /* ContactsSynchronizeController */,
				11E640C22885B5400018DBD1 /* StartController */,
				11E640C32885B5790018DBD1 /* AddEventHolderController */,
				1191FEE928DA383200656B2B /* DetailedEventViewController */,
				11D5C45E292688A20073DB91 /* CongratulationViewController */,
				11F88EA928BBBBF7000E1E59 /* AddEventToEventHolder */,
			);
			path = Controllers;
			sourceTree = "<group>";
		};
		11F88EA928BBBBF7000E1E59 /* AddEventToEventHolder */ = {
			isa = PBXGroup;
			children = (
				11F88EA328BB847C000E1E59 /* AddEventViewController.swift */,
				11F88EA728BB964C000E1E59 /* SelectEventTypeTableViewController.swift */,
			);
			path = AddEventToEventHolder;
			sourceTree = "<group>";
		};
/* End PBXGroup section */

/* Begin PBXNativeTarget section */
		114D264528780ED600F44967 /* MyTableApp */ = {
			isa = PBXNativeTarget;
			buildConfigurationList = 114D265A28780ED800F44967 /* Build configuration list for PBXNativeTarget "MyTableApp" */;
			buildPhases = (
				114D264228780ED600F44967 /* Sources */,
				114D264328780ED600F44967 /* Frameworks */,
				114D264428780ED600F44967 /* Resources */,
			);
			buildRules = (
			);
			dependencies = (
			);
			name = MyTableApp;
			productName = MyTableApp;
			productReference = 114D264628780ED600F44967 /* MyTableApp.app */;
			productType = "com.apple.product-type.application";
		};
/* End PBXNativeTarget section */

/* Begin PBXProject section */
		114D263E28780ED600F44967 /* Project object */ = {
			isa = PBXProject;
			attributes = {
				BuildIndependentTargetsInParallel = 1;
				LastSwiftUpdateCheck = 1340;
				LastUpgradeCheck = 1340;
				TargetAttributes = {
					114D264528780ED600F44967 = {
						CreatedOnToolsVersion = 13.4.1;
					};
				};
			};
			buildConfigurationList = 114D264128780ED600F44967 /* Build configuration list for PBXProject "MyTableApp" */;
			compatibilityVersion = "Xcode 13.0";
			developmentRegion = en;
			hasScannedForEncodings = 0;
			knownRegions = (
				en,
				Base,
			);
			mainGroup = 114D263D28780ED600F44967;
			productRefGroup = 114D264728780ED600F44967 /* Products */;
			projectDirPath = "";
			projectRoot = "";
			targets = (
				114D264528780ED600F44967 /* MyTableApp */,
			);
		};
/* End PBXProject section */

/* Begin PBXResourcesBuildPhase section */
		114D264428780ED600F44967 /* Resources */ = {
			isa = PBXResourcesBuildPhase;
			buildActionMask = 2147483647;
			files = (
				114D265628780ED800F44967 /* LaunchScreen.storyboard in Resources */,
				114D265328780ED800F44967 /* Assets.xcassets in Resources */,
				114D265128780ED600F44967 /* Main.storyboard in Resources */,
				1191FEEF28DAFBE400656B2B /* OneEventSomeHolderTableViewCell_xib.xib in Resources */,
			);
			runOnlyForDeploymentPostprocessing = 0;
		};
/* End PBXResourcesBuildPhase section */

/* Begin PBXSourcesBuildPhase section */
		114D264228780ED600F44967 /* Sources */ = {
			isa = PBXSourcesBuildPhase;
			buildActionMask = 2147483647;
			files = (
				1104807E28994F4600A0512B /* CustomDate.swift in Sources */,
				11538CAF28CF8F5000B69B2D /* TextFieldTableViewCell.swift in Sources */,
				11F3A6952896A63000EABCE0 /* ChangeEventHolderSexTableViewController.swift in Sources */,
				1121AEA32906A13100B05769 /* CongratulationViewController.swift in Sources */,
				114A906428F8B64B002E8B39 /* TextViewTableViewCell.swift in Sources */,
				11BF060E294F2736006B6CC0 /* Extensions.swift in Sources */,
				11D5C499292A8C600073DB91 /* ContactsSynchronizeViewController.swift in Sources */,
				114D26652878160A00F44967 /* EventStorage.swift in Sources */,
				11547FC328941C06001BBBCB /* ChangeEventHolderStatusTableViewController.swift in Sources */,
				114D26622878132600F44967 /* Event.swift in Sources */,
				1191FEC828D8D3F200656B2B /* DetailedEventViewController.swift in Sources */,
				11538CB528CF900E00B69B2D /* PhoneNumberTextFieldTableViewCell.swift in Sources */,
				11E640C1288171270018DBD1 /* EventHolder.swift in Sources */,
				114710AB28CB79070091C821 /* SexAndStatusTableViewCell.swift in Sources */,
				11F88EA428BB847C000E1E59 /* AddEventViewController.swift in Sources */,
				11D2AB2428C0ABC5002F3748 /* OneEventSomeHolderTableViewCell.swift in Sources */,
				1191FEEE28DAFBE400656B2B /* OneEventSomeHolderTableViewCell_xib.swift in Sources */,
				114D264A28780ED600F44967 /* AppDelegate.swift in Sources */,
				110C26B228D36FD900C5DC2A /* AddEventButtonAsTableViewCell.swift in Sources */,
				11C2A2E528D62E0F003515F1 /* AddEventHolderViewController.swift in Sources */,
				114D265E287810A000F44967 /* StartTableViewController.swift in Sources */,
				11538CB328CF8FE200B69B2D /* DateTextFiedTableViewCell.swift in Sources */,
				11538CB128CF8FB300B69B2D /* LastNameTextFieldTableViewCell.swift in Sources */,
				114D264C28780ED600F44967 /* SceneDelegate.swift in Sources */,
				11F88EA828BB964C000E1E59 /* SelectEventTypeTableViewController.swift in Sources */,
				114D2660287811F800F44967 /* StartControllerCustomCell.swift in Sources */,
			);
			runOnlyForDeploymentPostprocessing = 0;
		};
/* End PBXSourcesBuildPhase section */

/* Begin PBXVariantGroup section */
		114D264F28780ED600F44967 /* Main.storyboard */ = {
			isa = PBXVariantGroup;
			children = (
				114D265028780ED600F44967 /* Base */,
			);
			name = Main.storyboard;
			sourceTree = "<group>";
		};
		114D265428780ED800F44967 /* LaunchScreen.storyboard */ = {
			isa = PBXVariantGroup;
			children = (
				114D265528780ED800F44967 /* Base */,
			);
			name = LaunchScreen.storyboard;
			sourceTree = "<group>";
		};
/* End PBXVariantGroup section */

/* Begin XCBuildConfiguration section */
		114D265828780ED800F44967 /* Debug */ = {
			isa = XCBuildConfiguration;
			buildSettings = {
				ALWAYS_SEARCH_USER_PATHS = NO;
				CLANG_ANALYZER_NONNULL = YES;
				CLANG_ANALYZER_NUMBER_OBJECT_CONVERSION = YES_AGGRESSIVE;
				CLANG_CXX_LANGUAGE_STANDARD = "gnu++17";
				CLANG_ENABLE_MODULES = YES;
				CLANG_ENABLE_OBJC_ARC = YES;
				CLANG_ENABLE_OBJC_WEAK = YES;
				CLANG_WARN_BLOCK_CAPTURE_AUTORELEASING = YES;
				CLANG_WARN_BOOL_CONVERSION = YES;
				CLANG_WARN_COMMA = YES;
				CLANG_WARN_CONSTANT_CONVERSION = YES;
				CLANG_WARN_DEPRECATED_OBJC_IMPLEMENTATIONS = YES;
				CLANG_WARN_DIRECT_OBJC_ISA_USAGE = YES_ERROR;
				CLANG_WARN_DOCUMENTATION_COMMENTS = YES;
				CLANG_WARN_EMPTY_BODY = YES;
				CLANG_WARN_ENUM_CONVERSION = YES;
				CLANG_WARN_INFINITE_RECURSION = YES;
				CLANG_WARN_INT_CONVERSION = YES;
				CLANG_WARN_NON_LITERAL_NULL_CONVERSION = YES;
				CLANG_WARN_OBJC_IMPLICIT_RETAIN_SELF = YES;
				CLANG_WARN_OBJC_LITERAL_CONVERSION = YES;
				CLANG_WARN_OBJC_ROOT_CLASS = YES_ERROR;
				CLANG_WARN_QUOTED_INCLUDE_IN_FRAMEWORK_HEADER = YES;
				CLANG_WARN_RANGE_LOOP_ANALYSIS = YES;
				CLANG_WARN_STRICT_PROTOTYPES = YES;
				CLANG_WARN_SUSPICIOUS_MOVE = YES;
				CLANG_WARN_UNGUARDED_AVAILABILITY = YES_AGGRESSIVE;
				CLANG_WARN_UNREACHABLE_CODE = YES;
				CLANG_WARN__DUPLICATE_METHOD_MATCH = YES;
				COPY_PHASE_STRIP = NO;
				DEBUG_INFORMATION_FORMAT = dwarf;
				ENABLE_STRICT_OBJC_MSGSEND = YES;
				ENABLE_TESTABILITY = YES;
				GCC_C_LANGUAGE_STANDARD = gnu11;
				GCC_DYNAMIC_NO_PIC = NO;
				GCC_NO_COMMON_BLOCKS = YES;
				GCC_OPTIMIZATION_LEVEL = 0;
				GCC_PREPROCESSOR_DEFINITIONS = (
					"DEBUG=1",
					"$(inherited)",
				);
				GCC_WARN_64_TO_32_BIT_CONVERSION = YES;
				GCC_WARN_ABOUT_RETURN_TYPE = YES_ERROR;
				GCC_WARN_UNDECLARED_SELECTOR = YES;
				GCC_WARN_UNINITIALIZED_AUTOS = YES_AGGRESSIVE;
				GCC_WARN_UNUSED_FUNCTION = YES;
				GCC_WARN_UNUSED_VARIABLE = YES;
				IPHONEOS_DEPLOYMENT_TARGET = 15.5;
				MTL_ENABLE_DEBUG_INFO = INCLUDE_SOURCE;
				MTL_FAST_MATH = YES;
				ONLY_ACTIVE_ARCH = YES;
				SDKROOT = iphoneos;
				SWIFT_ACTIVE_COMPILATION_CONDITIONS = DEBUG;
				SWIFT_OPTIMIZATION_LEVEL = "-Onone";
			};
			name = Debug;
		};
		114D265928780ED800F44967 /* Release */ = {
			isa = XCBuildConfiguration;
			buildSettings = {
				ALWAYS_SEARCH_USER_PATHS = NO;
				CLANG_ANALYZER_NONNULL = YES;
				CLANG_ANALYZER_NUMBER_OBJECT_CONVERSION = YES_AGGRESSIVE;
				CLANG_CXX_LANGUAGE_STANDARD = "gnu++17";
				CLANG_ENABLE_MODULES = YES;
				CLANG_ENABLE_OBJC_ARC = YES;
				CLANG_ENABLE_OBJC_WEAK = YES;
				CLANG_WARN_BLOCK_CAPTURE_AUTORELEASING = YES;
				CLANG_WARN_BOOL_CONVERSION = YES;
				CLANG_WARN_COMMA = YES;
				CLANG_WARN_CONSTANT_CONVERSION = YES;
				CLANG_WARN_DEPRECATED_OBJC_IMPLEMENTATIONS = YES;
				CLANG_WARN_DIRECT_OBJC_ISA_USAGE = YES_ERROR;
				CLANG_WARN_DOCUMENTATION_COMMENTS = YES;
				CLANG_WARN_EMPTY_BODY = YES;
				CLANG_WARN_ENUM_CONVERSION = YES;
				CLANG_WARN_INFINITE_RECURSION = YES;
				CLANG_WARN_INT_CONVERSION = YES;
				CLANG_WARN_NON_LITERAL_NULL_CONVERSION = YES;
				CLANG_WARN_OBJC_IMPLICIT_RETAIN_SELF = YES;
				CLANG_WARN_OBJC_LITERAL_CONVERSION = YES;
				CLANG_WARN_OBJC_ROOT_CLASS = YES_ERROR;
				CLANG_WARN_QUOTED_INCLUDE_IN_FRAMEWORK_HEADER = YES;
				CLANG_WARN_RANGE_LOOP_ANALYSIS = YES;
				CLANG_WARN_STRICT_PROTOTYPES = YES;
				CLANG_WARN_SUSPICIOUS_MOVE = YES;
				CLANG_WARN_UNGUARDED_AVAILABILITY = YES_AGGRESSIVE;
				CLANG_WARN_UNREACHABLE_CODE = YES;
				CLANG_WARN__DUPLICATE_METHOD_MATCH = YES;
				COPY_PHASE_STRIP = NO;
				DEBUG_INFORMATION_FORMAT = "dwarf-with-dsym";
				ENABLE_NS_ASSERTIONS = NO;
				ENABLE_STRICT_OBJC_MSGSEND = YES;
				GCC_C_LANGUAGE_STANDARD = gnu11;
				GCC_NO_COMMON_BLOCKS = YES;
				GCC_WARN_64_TO_32_BIT_CONVERSION = YES;
				GCC_WARN_ABOUT_RETURN_TYPE = YES_ERROR;
				GCC_WARN_UNDECLARED_SELECTOR = YES;
				GCC_WARN_UNINITIALIZED_AUTOS = YES_AGGRESSIVE;
				GCC_WARN_UNUSED_FUNCTION = YES;
				GCC_WARN_UNUSED_VARIABLE = YES;
				IPHONEOS_DEPLOYMENT_TARGET = 15.5;
				MTL_ENABLE_DEBUG_INFO = NO;
				MTL_FAST_MATH = YES;
				SDKROOT = iphoneos;
				SWIFT_COMPILATION_MODE = wholemodule;
				SWIFT_OPTIMIZATION_LEVEL = "-O";
				VALIDATE_PRODUCT = YES;
			};
			name = Release;
		};
		114D265B28780ED800F44967 /* Debug */ = {
			isa = XCBuildConfiguration;
			buildSettings = {
				ASSETCATALOG_COMPILER_APPICON_NAME = AppIcon;
				ASSETCATALOG_COMPILER_GLOBAL_ACCENT_COLOR_NAME = AccentColor;
				CODE_SIGN_ENTITLEMENTS = MyTableApp/MyTableApp.entitlements;
				CODE_SIGN_STYLE = Automatic;
				CURRENT_PROJECT_VERSION = 1;
				DEVELOPMENT_TEAM = 47GST27FJ9;
				GENERATE_INFOPLIST_FILE = YES;
				INFOPLIST_FILE = MyTableApp/Info.plist;
				INFOPLIST_KEY_CFBundleDisplayName = BirthdayApp;
				INFOPLIST_KEY_NSContactsUsageDescription = "Подтвердите доступ к контактам для приложения BirthdayApp";
				INFOPLIST_KEY_UIApplicationSupportsIndirectInputEvents = YES;
				INFOPLIST_KEY_UILaunchStoryboardName = LaunchScreen;
				INFOPLIST_KEY_UIMainStoryboardFile = Main;
				INFOPLIST_KEY_UISupportedInterfaceOrientations = UIInterfaceOrientationPortrait;
				IPHONEOS_DEPLOYMENT_TARGET = 15.5;
				LD_RUNPATH_SEARCH_PATHS = (
					"$(inherited)",
					"@executable_path/Frameworks",
				);
				MARKETING_VERSION = 1.0;
				PRODUCT_BUNDLE_IDENTIFIER = "com.-alexanderMaraenko.MyTableApp";
				PRODUCT_NAME = "$(TARGET_NAME)";
				SWIFT_EMIT_LOC_STRINGS = YES;
				SWIFT_VERSION = 5.0;
				TARGETED_DEVICE_FAMILY = "1,2";
			};
			name = Debug;
		};
		114D265C28780ED800F44967 /* Release */ = {
			isa = XCBuildConfiguration;
			buildSettings = {
				ASSETCATALOG_COMPILER_APPICON_NAME = AppIcon;
				ASSETCATALOG_COMPILER_GLOBAL_ACCENT_COLOR_NAME = AccentColor;
				CODE_SIGN_ENTITLEMENTS = MyTableApp/MyTableApp.entitlements;
				CODE_SIGN_STYLE = Automatic;
				CURRENT_PROJECT_VERSION = 1;
				DEVELOPMENT_TEAM = 47GST27FJ9;
				GENERATE_INFOPLIST_FILE = YES;
				INFOPLIST_FILE = MyTableApp/Info.plist;
				INFOPLIST_KEY_CFBundleDisplayName = BirthdayApp;
				INFOPLIST_KEY_NSContactsUsageDescription = "Подтвердите доступ к контактам для приложения BirthdayApp";
				INFOPLIST_KEY_UIApplicationSupportsIndirectInputEvents = YES;
				INFOPLIST_KEY_UILaunchStoryboardName = LaunchScreen;
				INFOPLIST_KEY_UIMainStoryboardFile = Main;
				INFOPLIST_KEY_UISupportedInterfaceOrientations = UIInterfaceOrientationPortrait;
				IPHONEOS_DEPLOYMENT_TARGET = 15.5;
				LD_RUNPATH_SEARCH_PATHS = (
					"$(inherited)",
					"@executable_path/Frameworks",
				);
				MARKETING_VERSION = 1.0;
				PRODUCT_BUNDLE_IDENTIFIER = "com.-alexanderMaraenko.MyTableApp";
				PRODUCT_NAME = "$(TARGET_NAME)";
				SWIFT_EMIT_LOC_STRINGS = YES;
				SWIFT_VERSION = 5.0;
				TARGETED_DEVICE_FAMILY = "1,2";
			};
			name = Release;
		};
/* End XCBuildConfiguration section */

/* Begin XCConfigurationList section */
		114D264128780ED600F44967 /* Build configuration list for PBXProject "MyTableApp" */ = {
			isa = XCConfigurationList;
			buildConfigurations = (
				114D265828780ED800F44967 /* Debug */,
				114D265928780ED800F44967 /* Release */,
			);
			defaultConfigurationIsVisible = 0;
			defaultConfigurationName = Release;
		};
		114D265A28780ED800F44967 /* Build configuration list for PBXNativeTarget "MyTableApp" */ = {
			isa = XCConfigurationList;
			buildConfigurations = (
				114D265B28780ED800F44967 /* Debug */,
				114D265C28780ED800F44967 /* Release */,
			);
			defaultConfigurationIsVisible = 0;
			defaultConfigurationName = Release;
		};
/* End XCConfigurationList section */
	};
	rootObject = 114D263E28780ED600F44967 /* Project object */;
}
